
Microsoft Visual Studio Solution File, Format Version 12.00
# Visual Studio Version 17
VisualStudioVersion = 17.13.35931.197 d17.13
MinimumVisualStudioVersion = 10.0.40219.1
Project("{FAE04EC0-301F-11D3-BF4B-00C04F79EFBC}") = "TorneosITM_API", "TorneosITM_API.csproj", "{240A57A1-26C6-49D9-BC2D-566C96D85322}"
EndProject
Global
	GlobalSection(SolutionConfigurationPlatforms) = preSolution
		Debug|Any CPU = Debug|Any CPU
		Release|Any CPU = Release|Any CPU
	EndGlobalSection
	GlobalSection(ProjectConfigurationPlatforms) = postSolution
		{240A57A1-26C6-49D9-BC2D-566C96D85322}.Debug|Any CPU.ActiveCfg = Debug|Any CPU
		{240A57A1-26C6-49D9-BC2D-566C96D85322}.Debug|Any CPU.Build.0 = Debug|Any CPU
		{240A57A1-26C6-49D9-BC2D-566C96D85322}.Release|Any CPU.ActiveCfg = Release|Any CPU
		{240A57A1-26C6-49D9-BC2D-566C96D85322}.Release|Any CPU.Build.0 = Release|Any CPU
	EndGlobalSection
	GlobalSection(SolutionProperties) = preSolution
		HideSolutionNode = FALSE
	EndGlobalSection
	GlobalSection(ExtensibilityGlobals) = postSolution
		SolutionGuid = {E9DAC17C-918B-431E-9AD5-FDF723F4F9D3}
	EndGlobalSection
EndGlobal
